schema: '2.0'
stages:
  data_ingestion:
    cmd: python src/Chest_Cancer_Classification_Project/pipeline/stage_01_data_ingestion.py
    deps:
    - path: config/config.yaml
      hash: md5
      md5: 8a7f2524fe8da74b2169f4ed6c85ae93
      size: 577
    - path: src/Chest_Cancer_Classification_Project/pipeline/stage_01_data_ingestion.py
      hash: md5
      md5: 623f674a553f87cabb02eebec05ef9bc
      size: 1071
    outs:
    - path: artifacts/data_ingestion/Chest-CT-Scan-Data
      hash: md5
      md5: 904fa45d934ce879b3b1933dca6cb2f1.dir
      size: 49247431
      nfiles: 343
  prepare_base_model:
    cmd: python src/Chest_Cancer_Classification_Project/pipeline/stage_02_prepare_base_model.py
    deps:
    - path: config/config.yaml
      hash: md5
      md5: 8a7f2524fe8da74b2169f4ed6c85ae93
      size: 577
    - path: src/Chest_Cancer_Classification_Project/pipeline/stage_02_prepare_base_model.py
      hash: md5
      md5: f15e40e7969b5e2fe9f222f3a5a07b2c
      size: 1057
    params:
      params.yaml:
        CLASSES: 2
        IMAGE_SIZE:
        - 224
        - 224
        - 3
        INCLUDE_TOP: false
        LEARNING_RATE: 0.05
        WEIGHTS: imagenet
    outs:
    - path: artifacts/prepare_base_model
      hash: md5
      md5: c823b11174930b374e1a3b36dddf6f3f.dir
      size: 118054560
      nfiles: 2
  training:
    cmd: python src/Chest_Cancer_Classification_Project/pipeline/stage_03_model_trainer.py
    deps:
    - path: artifacts/data_ingestion/Chest-CT-Scan-Data
      hash: md5
      md5: 904fa45d934ce879b3b1933dca6cb2f1.dir
      size: 49247431
      nfiles: 343
    - path: artifacts/prepare_base_model
      hash: md5
      md5: c823b11174930b374e1a3b36dddf6f3f.dir
      size: 118054560
      nfiles: 2
    - path: config/config.yaml
      hash: md5
      md5: 8a7f2524fe8da74b2169f4ed6c85ae93
      size: 577
    - path: src/Chest_Cancer_Classification_Project/pipeline/stage_03_model_trainer.py
      hash: md5
      md5: 8ce40e8ca042bf2d8d4186d36e0b2f88
      size: 978
    params:
      params.yaml:
        AUGMENTATION: true
        BATCH_SIZE: 16
        EPOCHS: 5
        IMAGE_SIZE:
        - 224
        - 224
        - 3
    outs:
    - path: artifacts/training/model.h5
      hash: md5
      md5: 76f14d9064fa4e08502ceea9e91d8081
      size: 59337520
  evaluation:
    cmd: python src/Chest_Cancer_Classification_Project/pipeline/stage_04_model_evaluation.py
    deps:
    - path: artifacts/data_ingestion/Chest-CT-Scan-Data
      hash: md5
      md5: 904fa45d934ce879b3b1933dca6cb2f1.dir
      size: 49247431
      nfiles: 343
    - path: artifacts/training/model.h5
      hash: md5
      md5: 76f14d9064fa4e08502ceea9e91d8081
      size: 59337520
    - path: config/config.yaml
      hash: md5
      md5: 8a7f2524fe8da74b2169f4ed6c85ae93
      size: 577
    - path: src/Chest_Cancer_Classification_Project/pipeline/stage_04_model_evaluation.py
      hash: md5
      md5: a2946a79e327cf1ad95dd393c3aa793a
      size: 988
    params:
      params.yaml:
        BATCH_SIZE: 16
        IMAGE_SIZE:
        - 224
        - 224
        - 3
    outs:
    - path: scores.json
      hash: md5
      md5: 19468750ab6e4e963ce27f4aa24b94ea
      size: 73
